
Microsoft Visual Studio Solution File, Format Version 12.00
# Visual Studio Version 17
VisualStudioVersion = 17.14.36908.2
MinimumVisualStudioVersion = 10.0.40219.1
Project("{FAE04EC0-301F-11D3-BF4B-00C04F79EFBC}") = "ApiBlog", "ApiBlog\ApiBlog.csproj", "{2BCCC6E9-23A5-43E5-AA9A-9F845E53AAB3}"
EndProject
Project("{FAE04EC0-301F-11D3-BF4B-00C04F79EFBC}") = "ClienteBlazorWASM", "ClienteBlazorWASM\ClienteBlazorWASM.csproj", "{A7DC74E2-E302-4EFE-A5BA-301DF2ED4AAC}"
EndProject
Global
	GlobalSection(SolutionConfigurationPlatforms) = preSolution
		Debug|Any CPU = Debug|Any CPU
		Release|Any CPU = Release|Any CPU
	EndGlobalSection
	GlobalSection(ProjectConfigurationPlatforms) = postSolution
		{2BCCC6E9-23A5-43E5-AA9A-9F845E53AAB3}.Debug|Any CPU.ActiveCfg = Debug|Any CPU
		{2BCCC6E9-23A5-43E5-AA9A-9F845E53AAB3}.Debug|Any CPU.Build.0 = Debug|Any CPU
		{2BCCC6E9-23A5-43E5-AA9A-9F845E53AAB3}.Release|Any CPU.ActiveCfg = Release|Any CPU
		{2BCCC6E9-23A5-43E5-AA9A-9F845E53AAB3}.Release|Any CPU.Build.0 = Release|Any CPU
		{A7DC74E2-E302-4EFE-A5BA-301DF2ED4AAC}.Debug|Any CPU.ActiveCfg = Debug|Any CPU
		{A7DC74E2-E302-4EFE-A5BA-301DF2ED4AAC}.Debug|Any CPU.Build.0 = Debug|Any CPU
		{A7DC74E2-E302-4EFE-A5BA-301DF2ED4AAC}.Release|Any CPU.ActiveCfg = Release|Any CPU
		{A7DC74E2-E302-4EFE-A5BA-301DF2ED4AAC}.Release|Any CPU.Build.0 = Release|Any CPU
	EndGlobalSection
	GlobalSection(SolutionProperties) = preSolution
		HideSolutionNode = FALSE
	EndGlobalSection
	GlobalSection(ExtensibilityGlobals) = postSolution
		SolutionGuid = {191402A9-0040-4DDA-A76D-849458C75C64}
	EndGlobalSection
EndGlobal
